
Microsoft Visual Studio Solution File, Format Version 12.00
# Visual Studio Version 16
VisualStudioVersion = 16.0.31911.196
MinimumVisualStudioVersion = 10.0.40219.1
Project("{FAE04EC0-301F-11D3-BF4B-00C04F79EFBC}") = "YearInPixelsGui", "YearInPixels\YearInPixelsGui.csproj", "{9B002BB8-911A-4310-A0A5-3784F37010AE}"
EndProject
Project("{FAE04EC0-301F-11D3-BF4B-00C04F79EFBC}") = "Model", "Model\Model.csproj", "{0D7E0B42-D441-428C-9834-7FEC5C60A90F}"
EndProject
Project("{FAE04EC0-301F-11D3-BF4B-00C04F79EFBC}") = "Controller", "Controller\Controller.csproj", "{0744365D-AA63-43EC-A1A6-B1EAAC2DF3C3}"
EndProject
Project("{FAE04EC0-301F-11D3-BF4B-00C04F79EFBC}") = "GridPanels", "GridPanels\GridPanels.csproj", "{6E7F8988-C1DC-49DE-91FD-E449FF24D224}"
EndProject
Global
	GlobalSection(SolutionConfigurationPlatforms) = preSolution
		Debug|Any CPU = Debug|Any CPU
		Release|Any CPU = Release|Any CPU
	EndGlobalSection
	GlobalSection(ProjectConfigurationPlatforms) = postSolution
		{9B002BB8-911A-4310-A0A5-3784F37010AE}.Debug|Any CPU.ActiveCfg = Debug|Any CPU
		{9B002BB8-911A-4310-A0A5-3784F37010AE}.Debug|Any CPU.Build.0 = Debug|Any CPU
		{9B002BB8-911A-4310-A0A5-3784F37010AE}.Release|Any CPU.ActiveCfg = Release|Any CPU
		{9B002BB8-911A-4310-A0A5-3784F37010AE}.Release|Any CPU.Build.0 = Release|Any CPU
		{0D7E0B42-D441-428C-9834-7FEC5C60A90F}.Debug|Any CPU.ActiveCfg = Debug|Any CPU
		{0D7E0B42-D441-428C-9834-7FEC5C60A90F}.Debug|Any CPU.Build.0 = Debug|Any CPU
		{0D7E0B42-D441-428C-9834-7FEC5C60A90F}.Release|Any CPU.ActiveCfg = Release|Any CPU
		{0D7E0B42-D441-428C-9834-7FEC5C60A90F}.Release|Any CPU.Build.0 = Release|Any CPU
		{0744365D-AA63-43EC-A1A6-B1EAAC2DF3C3}.Debug|Any CPU.ActiveCfg = Debug|Any CPU
		{0744365D-AA63-43EC-A1A6-B1EAAC2DF3C3}.Debug|Any CPU.Build.0 = Debug|Any CPU
		{0744365D-AA63-43EC-A1A6-B1EAAC2DF3C3}.Release|Any CPU.ActiveCfg = Release|Any CPU
		{0744365D-AA63-43EC-A1A6-B1EAAC2DF3C3}.Release|Any CPU.Build.0 = Release|Any CPU
		{6E7F8988-C1DC-49DE-91FD-E449FF24D224}.Debug|Any CPU.ActiveCfg = Debug|Any CPU
		{6E7F8988-C1DC-49DE-91FD-E449FF24D224}.Debug|Any CPU.Build.0 = Debug|Any CPU
		{6E7F8988-C1DC-49DE-91FD-E449FF24D224}.Release|Any CPU.ActiveCfg = Release|Any CPU
		{6E7F8988-C1DC-49DE-91FD-E449FF24D224}.Release|Any CPU.Build.0 = Release|Any CPU
	EndGlobalSection
	GlobalSection(SolutionProperties) = preSolution
		HideSolutionNode = FALSE
	EndGlobalSection
	GlobalSection(ExtensibilityGlobals) = postSolution
		SolutionGuid = {13712293-B456-4E81-9F7B-E802EDEBBE1A}
	EndGlobalSection
EndGlobal
